Microsoft Visual Studio Solution File, Format Version 11.00
# Visual Studio 2008

Project("{90245C23-9F55-A4F9-8F1F-212628891280}") = "TheThreePunketeers", "Assembly-CSharp.csproj", "{B86D3992-A381-4E1E-9636-363163325441}"
EndProject
Global
	GlobalSection(SolutionConfigurationPlatforms) = preSolution
		Debug|Any CPU = Debug|Any CPU
		Release|Any CPU = Release|Any CPU
	EndGlobalSection
	GlobalSection(ProjectConfigurationPlatforms) = postSolution
		{B86D3992-A381-4E1E-9636-363163325441}.Debug|Any CPU.ActiveCfg = Debug|Any CPU
		{B86D3992-A381-4E1E-9636-363163325441}.Debug|Any CPU.Build.0 = Debug|Any CPU
		{B86D3992-A381-4E1E-9636-363163325441}.Release|Any CPU.ActiveCfg = Release|Any CPU
		{B86D3992-A381-4E1E-9636-363163325441}.Release|Any CPU.Build.0 = Release|Any CPU
	EndGlobalSection
	GlobalSection(SolutionProperties) = preSolution
		HideSolutionNode = FALSE
	EndGlobalSection
								GlobalSection(MonoDevelopProperties) = preSolution
		StartupItem = Assembly-CSharp.csproj
		Policies = $0
		$0.TextStylePolicy = $1
		$1.inheritsSet = null
		$1.scope = text/x-csharp
		$0.CSharpFormattingPolicy = $2
		$2.inheritsSet = Mono
		$2.inheritsScope = text/x-csharp
		$2.scope = text/x-csharp
		$0.TextStylePolicy = $3
		$3.FileWidth = 120
		$3.TabWidth = 4
		$3.IndentWidth = 4
		$3.EolMarker = Unix
		$3.inheritsSet = Mono
		$3.inheritsScope = text/plain
		$3.scope = text/plain
	EndGlobalSection

EndGlobal
